<?xml version="1.0" encoding="UTF-8"?>
<!DOCTYPE plist PUBLIC "-//Apple//DTD PLIST 1.0//EN" "http://www.apple.com/DTDs/PropertyList-1.0.dtd">
<plist version="1.0">
<dict>
	<key>archiveVersion</key>
	<string>1</string>
	<key>classes</key>
	<dict/>
	<key>objectVersion</key>
	<string>46</string>
	<key>objects</key>
	<dict>
		<key>080E96DDFE201D6D7F000001</key>
		<dict>
			<key>children</key>
			<array>
				<string>5087E77117EB970100C73F5D</string>
				<string>503AE0FA17EB989F00D1A890</string>
				<string>503AE0FB17EB989F00D1A890</string>
				<string>503AE0FC17EB989F00D1A890</string>
				<string>503AE0FD17EB989F00D1A890</string>
				<string>503AE0FE17EB989F00D1A890</string>
				<string>503AE0FF17EB989F00D1A890</string>
			</array>
			<key>isa</key>
			<string>PBXGroup</string>
			<key>name</key>
			<string>ios</string>
			<key>path</key>
			<string>Classes</string>
			<key>sourceTree</key>
			<string>&lt;group&gt;</string>
		</dict>
		<key>15AA9C4015B7EC450033D6C2</key>
		<dict>
			<key>children</key>
			<array>
				<string>1AFAF8B316D35DE700DB1158</string>
				<string>1AFAF8B416D35DE700DB1158</string>
				<string>1AFAF8B516D35DE700DB1158</string>
				<string>1AFAF8B616D35DE700DB1158</string>
			</array>
			<key>isa</key>
			<string>PBXGroup</string>
			<key>name</key>
			<string>Classes</string>
			<key>path</key>
			<string>../classes</string>
			<key>sourceTree</key>
			<string>&lt;group&gt;</string>
		</dict>
		<key>19C28FACFE9D520D11CA2CBB</key>
		<dict>
			<key>children</key>
			<array>
				<string>1D6058910D05DD3D006BFB54</string>
				<string>5087E76F17EB910900C73F5D</string>
			</array>
			<key>isa</key>
			<string>PBXGroup</string>
			<key>name</key>
			<string>Products</string>
			<key>sourceTree</key>
			<string>&lt;group&gt;</string>
		</dict>
		<key>1AC6FAE5180E9839004C840B</key>
		<dict>
			<key>isa</key>
			<string>PBXFileReference</string>
			<key>lastKnownFileType</key>
			<string>wrapper.pb-project</string>
			<key>name</key>
			<string>cocos2d_libs.xcodeproj</string>
			<key>path</key>
			<string>../cocos2d/build/cocos2d_libs.xcodeproj</string>
			<key>sourceTree</key>
			<string>&lt;group&gt;</string>
		</dict>
		<key>1AC6FAE6180E9839004C840B</key>
		<dict>
			<key>children</key>
			<array>
				<string>1AC6FAF9180E9839004C840B</string>
				<string>1AC6FAFB180E9839004C840B</string>
				<string>1AC6FAFD180E9839004C840B</string>
				<string>1AC6FAFF180E9839004C840B</string>
				<string>1AC6FB01180E9839004C840B</string>
				<string>1AC6FB03180E9839004C840B</string>
				<string>1AC6FB05180E9839004C840B</string>
				<string>1AC6FB07180E9839004C840B</string>
				<string>1AC6FB09180E9839004C840B</string>
				<string>1AC6FB0B180E9839004C840B</string>
				<string>1AC6FB0D180E9839004C840B</string>
				<string>1AC6FB0F180E9839004C840B</string>
				<string>1AC6FB11180E9839004C840B</string>
				<string>1AC6FB13180E9839004C840B</string>
			</array>
			<key>isa</key>
			<string>PBXGroup</string>
			<key>name</key>
			<string>Products</string>
			<key>sourceTree</key>
			<string>&lt;group&gt;</string>
		</dict>
		<key>1AC6FAF8180E9839004C840B</key>
		<dict>
			<key>containerPortal</key>
			<string>1AC6FAE5180E9839004C840B</string>
			<key>isa</key>
			<string>PBXContainerItemProxy</string>
			<key>proxyType</key>
			<string>2</string>
			<key>remoteGlobalIDString</key>
			<string>1551A33F158F2AB200E66CFE</string>
			<key>remoteInfo</key>
			<string>cocos2dx Mac</string>
		</dict>
		<key>1AC6FAF9180E9839004C840B</key>
		<dict>
			<key>fileType</key>
			<string>archive.ar</string>
			<key>isa</key>
			<string>PBXReferenceProxy</string>
			<key>path</key>
			<string>libcocos2dx Mac.a</string>
			<key>remoteRef</key>
			<string>1AC6FAF8180E9839004C840B</string>
			<key>sourceTree</key>
			<string>BUILT_PRODUCTS_DIR</string>
		</dict>
		<key>1AC6FAFA180E9839004C840B</key>
		<dict>
			<key>containerPortal</key>
			<string>1AC6FAE5180E9839004C840B</string>
			<key>isa</key>
			<string>PBXContainerItemProxy</string>
			<key>proxyType</key>
			<string>2</string>
			<key>remoteGlobalIDString</key>
			<string>A03F2FD617814595006731B9</string>
			<key>remoteInfo</key>
			<string>cocos2dx-extensions Mac</string>
		</dict>
		<key>1AC6FAFB180E9839004C840B</key>
		<dict>
			<key>fileType</key>
			<string>archive.ar</string>
			<key>isa</key>
			<string>PBXReferenceProxy</string>
			<key>path</key>
			<string>libcocos2dx-extensions Mac.a</string>
			<key>remoteRef</key>
			<string>1AC6FAFA180E9839004C840B</string>
			<key>sourceTree</key>
			<string>BUILT_PRODUCTS_DIR</string>
		</dict>
		<key>1AC6FAFC180E9839004C840B</key>
		<dict>
			<key>containerPortal</key>
			<string>1AC6FAE5180E9839004C840B</string>
			<key>isa</key>
			<string>PBXContainerItemProxy</string>
			<key>proxyType</key>
			<string>2</string>
			<key>remoteGlobalIDString</key>
			<string>A03F2CB81780BD04006731B9</string>
			<key>remoteInfo</key>
			<string>chipmunk Mac</string>
		</dict>
		<key>1AC6FAFD180E9839004C840B</key>
		<dict>
			<key>fileType</key>
			<string>archive.ar</string>
			<key>isa</key>
			<string>PBXReferenceProxy</string>
			<key>path</key>
			<string>libchipmunk Mac.a</string>
			<key>remoteRef</key>
			<string>1AC6FAFC180E9839004C840B</string>
			<key>sourceTree</key>
			<string>BUILT_PRODUCTS_DIR</string>
		</dict>
		<key>1AC6FAFE180E9839004C840B</key>
		<dict>
			<key>containerPortal</key>
			<string>1AC6FAE5180E9839004C840B</string>
			<key>isa</key>
			<string>PBXContainerItemProxy</string>
			<key>proxyType</key>
			<string>2</string>
			<key>remoteGlobalIDString</key>
			<string>A03F2D9B1780BDF7006731B9</string>
			<key>remoteInfo</key>
			<string>box2d Mac</string>
		</dict>
		<key>1AC6FAFF180E9839004C840B</key>
		<dict>
			<key>fileType</key>
			<string>archive.ar</string>
			<key>isa</key>
			<string>PBXReferenceProxy</string>
			<key>path</key>
			<string>libbox2d Mac.a</string>
			<key>remoteRef</key>
			<string>1AC6FAFE180E9839004C840B</string>
			<key>sourceTree</key>
			<string>BUILT_PRODUCTS_DIR</string>
		</dict>
		<key>1AC6FB00180E9839004C840B</key>
		<dict>
			<key>containerPortal</key>
			<string>1AC6FAE5180E9839004C840B</string>
			<key>isa</key>
			<string>PBXContainerItemProxy</string>
			<key>proxyType</key>
			<string>2</string>
			<key>remoteGlobalIDString</key>
			<string>A03F2ED617814268006731B9</string>
			<key>remoteInfo</key>
			<string>CocosDenshion Mac</string>
		</dict>
		<key>1AC6FB01180E9839004C840B</key>
		<dict>
			<key>fileType</key>
			<string>archive.ar</string>
			<key>isa</key>
			<string>PBXReferenceProxy</string>
			<key>path</key>
			<string>libCocosDenshion Mac.a</string>
			<key>remoteRef</key>
			<string>1AC6FB00180E9839004C840B</string>
			<key>sourceTree</key>
			<string>BUILT_PRODUCTS_DIR</string>
		</dict>
		<key>1AC6FB02180E9839004C840B</key>
		<dict>
			<key>containerPortal</key>
			<string>1AC6FAE5180E9839004C840B</string>
			<key>isa</key>
			<string>PBXContainerItemProxy</string>
			<key>proxyType</key>
			<string>2</string>
			<key>remoteGlobalIDString</key>
			<string>A03F31FD1781479B006731B9</string>
			<key>remoteInfo</key>
			<string>jsbindings Mac</string>
		</dict>
		<key>1AC6FB03180E9839004C840B</key>
		<dict>
			<key>fileType</key>
			<string>archive.ar</string>
			<key>isa</key>
			<string>PBXReferenceProxy</string>
			<key>path</key>
			<string>libjsbindings Mac.a</string>
			<key>remoteRef</key>
			<string>1AC6FB02180E9839004C840B</string>
			<key>sourceTree</key>
			<string>BUILT_PRODUCTS_DIR</string>
		</dict>
		<key>1AC6FB04180E9839004C840B</key>
		<dict>
			<key>containerPortal</key>
			<string>1AC6FAE5180E9839004C840B</string>
			<key>isa</key>
			<string>PBXContainerItemProxy</string>
			<key>proxyType</key>
			<string>2</string>
			<key>remoteGlobalIDString</key>
			<string>1A6FB53017854BC300CDF010</string>
			<key>remoteInfo</key>
			<string>luabindings Mac</string>
		</dict>
		<key>1AC6FB05180E9839004C840B</key>
		<dict>
			<key>fileType</key>
			<string>archive.ar</string>
			<key>isa</key>
			<string>PBXReferenceProxy</string>
			<key>path</key>
			<string>libluabindings Mac.a</string>
			<key>remoteRef</key>
			<string>1AC6FB04180E9839004C840B</string>
			<key>sourceTree</key>
			<string>BUILT_PRODUCTS_DIR</string>
		</dict>
		<key>1AC6FB06180E9839004C840B</key>
		<dict>
			<key>containerPortal</key>
			<string>1AC6FAE5180E9839004C840B</string>
			<key>isa</key>
			<string>PBXContainerItemProxy</string>
			<key>proxyType</key>
			<string>2</string>
			<key>remoteGlobalIDString</key>
			<string>A07A4D641783777C0073F6A7</string>
			<key>remoteInfo</key>
			<string>cocos2dx iOS</string>
		</dict>
		<key>1AC6FB07180E9839004C840B</key>
		<dict>
			<key>fileType</key>
			<string>archive.ar</string>
			<key>isa</key>
			<string>PBXReferenceProxy</string>
			<key>path</key>
			<string>libcocos2dx iOS.a</string>
			<key>remoteRef</key>
			<string>1AC6FB06180E9839004C840B</string>
			<key>sourceTree</key>
			<string>BUILT_PRODUCTS_DIR</string>
		</dict>
		<key>1AC6FB08180E9839004C840B</key>
		<dict>
			<key>containerPortal</key>
			<string>1AC6FAE5180E9839004C840B</string>
			<key>isa</key>
			<string>PBXContainerItemProxy</string>
			<key>proxyType</key>
			<string>2</string>
			<key>remoteGlobalIDString</key>
			<string>A07A4EFC1783867C0073F6A7</string>
			<key>remoteInfo</key>
			<string>cocos2dx-extensions iOS</string>
		</dict>
		<key>1AC6FB09180E9839004C840B</key>
		<dict>
			<key>fileType</key>
			<string>archive.ar</string>
			<key>isa</key>
			<string>PBXReferenceProxy</string>
			<key>path</key>
			<string>libcocos2dx-extensions iOS.a</string>
			<key>remoteRef</key>
			<string>1AC6FB08180E9839004C840B</string>
			<key>sourceTree</key>
			<string>BUILT_PRODUCTS_DIR</string>
		</dict>
		<key>1AC6FB0A180E9839004C840B</key>
		<dict>
			<key>containerPortal</key>
			<string>1AC6FAE5180E9839004C840B</string>
			<key>isa</key>
			<string>PBXContainerItemProxy</string>
			<key>proxyType</key>
			<string>2</string>
			<key>remoteGlobalIDString</key>
			<string>A07A4F3B178387670073F6A7</string>
			<key>remoteInfo</key>
			<string>chipmunk iOS</string>
		</dict>
		<key>1AC6FB0B180E9839004C840B</key>
		<dict>
			<key>fileType</key>
			<string>archive.ar</string>
			<key>isa</key>
			<string>PBXReferenceProxy</string>
			<key>path</key>
			<string>libchipmunk iOS.a</string>
			<key>remoteRef</key>
			<string>1AC6FB0A180E9839004C840B</string>
			<key>sourceTree</key>
			<string>BUILT_PRODUCTS_DIR</string>
		</dict>
		<key>1AC6FB0C180E9839004C840B</key>
		<dict>
			<key>containerPortal</key>
			<string>1AC6FAE5180E9839004C840B</string>
			<key>isa</key>
			<string>PBXContainerItemProxy</string>
			<key>proxyType</key>
			<string>2</string>
			<key>remoteGlobalIDString</key>
			<string>A07A4F9E1783876B0073F6A7</string>
			<key>remoteInfo</key>
			<string>box2d iOS</string>
		</dict>
		<key>1AC6FB0D180E9839004C840B</key>
		<dict>
			<key>fileType</key>
			<string>archive.ar</string>
			<key>isa</key>
			<string>PBXReferenceProxy</string>
			<key>path</key>
			<string>libbox2d iOS.a</string>
			<key>remoteRef</key>
			<string>1AC6FB0C180E9839004C840B</string>
			<key>sourceTree</key>
			<string>BUILT_PRODUCTS_DIR</string>
		</dict>
		<key>1AC6FB0E180E9839004C840B</key>
		<dict>
			<key>containerPortal</key>
			<string>1AC6FAE5180E9839004C840B</string>
			<key>isa</key>
			<string>PBXContainerItemProxy</string>
			<key>proxyType</key>
			<string>2</string>
			<key>remoteGlobalIDString</key>
			<string>A07A4FB4178387730073F6A7</string>
			<key>remoteInfo</key>
			<string>CocosDenshion iOS</string>
		</dict>
		<key>1AC6FB0F180E9839004C840B</key>
		<dict>
			<key>fileType</key>
			<string>archive.ar</string>
			<key>isa</key>
			<string>PBXReferenceProxy</string>
			<key>path</key>
			<string>libCocosDenshion iOS.a</string>
			<key>remoteRef</key>
			<string>1AC6FB0E180E9839004C840B</string>
			<key>sourceTree</key>
			<string>BUILT_PRODUCTS_DIR</string>
		</dict>
		<key>1AC6FB10180E9839004C840B</key>
		<dict>
			<key>containerPortal</key>
			<string>1AC6FAE5180E9839004C840B</string>
			<key>isa</key>
			<string>PBXContainerItemProxy</string>
			<key>proxyType</key>
			<string>2</string>
			<key>remoteGlobalIDString</key>
			<string>A07A5030178387750073F6A7</string>
			<key>remoteInfo</key>
			<string>jsbindings iOS</string>
		</dict>
		<key>1AC6FB11180E9839004C840B</key>
		<dict>
			<key>fileType</key>
			<string>archive.ar</string>
			<key>isa</key>
			<string>PBXReferenceProxy</string>
			<key>path</key>
			<string>libjsbindings iOS.a</string>
			<key>remoteRef</key>
			<string>1AC6FB10180E9839004C840B</string>
			<key>sourceTree</key>
			<string>BUILT_PRODUCTS_DIR</string>
		</dict>
		<key>1AC6FB12180E9839004C840B</key>
		<dict>
			<key>containerPortal</key>
			<string>1AC6FAE5180E9839004C840B</string>
			<key>isa</key>
			<string>PBXContainerItemProxy</string>
			<key>proxyType</key>
			<string>2</string>
			<key>remoteGlobalIDString</key>
			<string>1A119791178526AA00D62A44</string>
			<key>remoteInfo</key>
			<string>luabindings iOS</string>
		</dict>
		<key>1AC6FB13180E9839004C840B</key>
		<dict>
			<key>fileType</key>
			<string>archive.ar</string>
			<key>isa</key>
			<string>PBXReferenceProxy</string>
			<key>path</key>
			<string>libluabindings iOS.a</string>
			<key>remoteRef</key>
			<string>1AC6FB12180E9839004C840B</string>
			<key>sourceTree</key>
			<string>BUILT_PRODUCTS_DIR</string>
		</dict>
		<key>1AC6FB15180E9959004C840B</key>
		<dict>
			<key>containerPortal</key>
			<string>1AC6FAE5180E9839004C840B</string>
			<key>isa</key>
			<string>PBXContainerItemProxy</string>
			<key>proxyType</key>
			<string>1</string>
			<key>remoteGlobalIDString</key>
			<string>1551A33E158F2AB200E66CFE</string>
			<key>remoteInfo</key>
			<string>cocos2dx Mac</string>
		</dict>
		<key>1AC6FB16180E9959004C840B</key>
		<dict>
			<key>isa</key>
			<string>PBXTargetDependency</string>
			<key>name</key>
			<string>cocos2dx Mac</string>
			<key>targetProxy</key>
			<string>1AC6FB15180E9959004C840B</string>
		</dict>
		<key>1AC6FB17180E9959004C840B</key>
		<dict>
			<key>containerPortal</key>
			<string>1AC6FAE5180E9839004C840B</string>
			<key>isa</key>
			<string>PBXContainerItemProxy</string>
			<key>proxyType</key>
			<string>1</string>
			<key>remoteGlobalIDString</key>
			<string>A03F2FC117814595006731B9</string>
			<key>remoteInfo</key>
			<string>cocos2dx-extensions Mac</string>
		</dict>
		<key>1AC6FB18180E9959004C840B</key>
		<dict>
			<key>isa</key>
			<string>PBXTargetDependency</string>
			<key>name</key>
			<string>cocos2dx-extensions Mac</string>
			<key>targetProxy</key>
			<string>1AC6FB17180E9959004C840B</string>
		</dict>
		<key>1AC6FB19180E9959004C840B</key>
		<dict>
			<key>containerPortal</key>
			<string>1AC6FAE5180E9839004C840B</string>
			<key>isa</key>
			<string>PBXContainerItemProxy</string>
			<key>proxyType</key>
			<string>1</string>
			<key>remoteGlobalIDString</key>
			<string>A03F2B781780BD04006731B9</string>
			<key>remoteInfo</key>
			<string>chipmunk Mac</string>
		</dict>
		<key>1AC6FB1A180E9959004C840B</key>
		<dict>
			<key>isa</key>
			<string>PBXTargetDependency</string>
			<key>name</key>
			<string>chipmunk Mac</string>
			<key>targetProxy</key>
			<string>1AC6FB19180E9959004C840B</string>
		</dict>
		<key>1AC6FB1B180E9959004C840B</key>
		<dict>
			<key>containerPortal</key>
			<string>1AC6FAE5180E9839004C840B</string>
			<key>isa</key>
			<string>PBXContainerItemProxy</string>
			<key>proxyType</key>
			<string>1</string>
			<key>remoteGlobalIDString</key>
			<string>A03F2E9817814268006731B9</string>
			<key>remoteInfo</key>
			<string>CocosDenshion Mac</string>
		</dict>
		<key>1AC6FB1C180E9959004C840B</key>
		<dict>
			<key>isa</key>
			<string>PBXTargetDependency</string>
			<key>name</key>
			<string>CocosDenshion Mac</string>
			<key>targetProxy</key>
			<string>1AC6FB1B180E9959004C840B</string>
		</dict>
		<key>1AC6FB1D180E9963004C840B</key>
		<dict>
			<key>containerPortal</key>
			<string>1AC6FAE5180E9839004C840B</string>
			<key>isa</key>
			<string>PBXContainerItemProxy</string>
			<key>proxyType</key>
			<string>1</string>
			<key>remoteGlobalIDString</key>
			<string>A03F2D5D1780BDF7006731B9</string>
			<key>remoteInfo</key>
			<string>box2d Mac</string>
		</dict>
		<key>1AC6FB1E180E9963004C840B</key>
		<dict>
			<key>isa</key>
			<string>PBXTargetDependency</string>
			<key>name</key>
			<string>box2d Mac</string>
			<key>targetProxy</key>
			<string>1AC6FB1D180E9963004C840B</string>
		</dict>
		<key>1AC6FB1F180E996B004C840B</key>
		<dict>
			<key>fileRef</key>
			<string>1AC6FAFF180E9839004C840B</string>
			<key>isa</key>
			<string>PBXBuildFile</string>
		</dict>
		<key>1AC6FB20180E996B004C840B</key>
		<dict>
			<key>fileRef</key>
			<string>1AC6FAFD180E9839004C840B</string>
			<key>isa</key>
			<string>PBXBuildFile</string>
		</dict>
		<key>1AC6FB21180E996B004C840B</key>
		<dict>
			<key>fileRef</key>
			<string>1AC6FAF9180E9839004C840B</string>
			<key>isa</key>
			<string>PBXBuildFile</string>
		</dict>
		<key>1AC6FB22180E996B004C840B</key>
		<dict>
			<key>fileRef</key>
			<string>1AC6FAFB180E9839004C840B</string>
			<key>isa</key>
			<string>PBXBuildFile</string>
		</dict>
		<key>1AC6FB23180E996B004C840B</key>
		<dict>
			<key>fileRef</key>
			<string>1AC6FB01180E9839004C840B</string>
			<key>isa</key>
			<string>PBXBuildFile</string>
		</dict>
		<key>1AC6FB24180E99E1004C840B</key>
		<dict>
			<key>containerPortal</key>
			<string>1AC6FAE5180E9839004C840B</string>
			<key>isa</key>
			<string>PBXContainerItemProxy</string>
			<key>proxyType</key>
			<string>1</string>
			<key>remoteGlobalIDString</key>
			<string>A07A4C241783777C0073F6A7</string>
			<key>remoteInfo</key>
			<string>cocos2dx iOS</string>
		</dict>
		<key>1AC6FB25180E99E1004C840B</key>
		<dict>
			<key>isa</key>
			<string>PBXTargetDependency</string>
			<key>name</key>
			<string>cocos2dx iOS</string>
			<key>targetProxy</key>
			<string>1AC6FB24180E99E1004C840B</string>
		</dict>
		<key>1AC6FB26180E99E1004C840B</key>
		<dict>
			<key>containerPortal</key>
			<string>1AC6FAE5180E9839004C840B</string>
			<key>isa</key>
			<string>PBXContainerItemProxy</string>
			<key>proxyType</key>
			<string>1</string>
			<key>remoteGlobalIDString</key>
			<string>A07A4E111783867C0073F6A7</string>
			<key>remoteInfo</key>
			<string>cocos2dx-extensions iOS</string>
		</dict>
		<key>1AC6FB27180E99E1004C840B</key>
		<dict>
			<key>isa</key>
			<string>PBXTargetDependency</string>
			<key>name</key>
			<string>cocos2dx-extensions iOS</string>
			<key>targetProxy</key>
			<string>1AC6FB26180E99E1004C840B</string>
		</dict>
		<key>1AC6FB28180E99E1004C840B</key>
		<dict>
			<key>containerPortal</key>
			<string>1AC6FAE5180E9839004C840B</string>
			<key>isa</key>
			<string>PBXContainerItemProxy</string>
			<key>proxyType</key>
			<string>1</string>
			<key>remoteGlobalIDString</key>
			<string>A07A4EFD178387670073F6A7</string>
			<key>remoteInfo</key>
			<string>chipmunk iOS</string>
		</dict>
		<key>1AC6FB29180E99E1004C840B</key>
		<dict>
			<key>isa</key>
			<string>PBXTargetDependency</string>
			<key>name</key>
			<string>chipmunk iOS</string>
			<key>targetProxy</key>
			<string>1AC6FB28180E99E1004C840B</string>
		</dict>
		<key>1AC6FB2A180E99E1004C840B</key>
		<dict>
			<key>containerPortal</key>
			<string>1AC6FAE5180E9839004C840B</string>
			<key>isa</key>
			<string>PBXContainerItemProxy</string>
			<key>proxyType</key>
			<string>1</string>
			<key>remoteGlobalIDString</key>
			<string>A07A4F3C1783876B0073F6A7</string>
			<key>remoteInfo</key>
			<string>box2d iOS</string>
		</dict>
		<key>1AC6FB2B180E99E1004C840B</key>
		<dict>
			<key>isa</key>
			<string>PBXTargetDependency</string>
			<key>name</key>
			<string>box2d iOS</string>
			<key>targetProxy</key>
			<string>1AC6FB2A180E99E1004C840B</string>
		</dict>
		<key>1AC6FB2C180E99E1004C840B</key>
		<dict>
			<key>containerPortal</key>
			<string>1AC6FAE5180E9839004C840B</string>
			<key>isa</key>
			<string>PBXContainerItemProxy</string>
			<key>proxyType</key>
			<string>1</string>
			<key>remoteGlobalIDString</key>
			<string>A07A4F9F178387730073F6A7</string>
			<key>remoteInfo</key>
			<string>CocosDenshion iOS</string>
		</dict>
		<key>1AC6FB2D180E99E1004C840B</key>
		<dict>
			<key>isa</key>
			<string>PBXTargetDependency</string>
			<key>name</key>
			<string>CocosDenshion iOS</string>
			<key>targetProxy</key>
			<string>1AC6FB2C180E99E1004C840B</string>
		</dict>
		<key>1AC6FB2E180E99EB004C840B</key>
		<dict>
			<key>fileRef</key>
			<string>1AC6FB0D180E9839004C840B</string>
			<key>isa</key>
			<string>PBXBuildFile</string>
		</dict>
		<key>1AC6FB2F180E99EB004C840B</key>
		<dict>
			<key>fileRef</key>
			<string>1AC6FB0B180E9839004C840B</string>
			<key>isa</key>
			<string>PBXBuildFile</string>
		</dict>
		<key>1AC6FB30180E99EB004C840B</key>
		<dict>
			<key>fileRef</key>
			<string>1AC6FB07180E9839004C840B</string>
			<key>isa</key>
			<string>PBXBuildFile</string>
		</dict>
		<key>1AC6FB31180E99EB004C840B</key>
		<dict>
			<key>fileRef</key>
			<string>1AC6FB09180E9839004C840B</string>
			<key>isa</key>
			<string>PBXBuildFile</string>
		</dict>
		<key>1AC6FB32180E99EB004C840B</key>
		<dict>
			<key>fileRef</key>
			<string>1AC6FB0F180E9839004C840B</string>
			<key>isa</key>
			<string>PBXBuildFile</string>
		</dict>
		<key>1ACB3243164770DE00914215</key>
		<dict>
			<key>isa</key>
			<string>PBXFileReference</string>
			<key>lastKnownFileType</key>
			<string>archive.ar</string>
			<key>name</key>
			<string>libcurl.a</string>
			<key>path</key>
			<string>../../cocos2dx/platform/third_party/ios/libraries/libcurl.a</string>
			<key>sourceTree</key>
			<string>&lt;group&gt;</string>
		</dict>
		<key>1AFAF8B316D35DE700DB1158</key>
		<dict>
			<key>fileEncoding</key>
			<string>4</string>
			<key>isa</key>
			<string>PBXFileReference</string>
			<key>lastKnownFileType</key>
			<string>sourcecode.cpp.cpp</string>
			<key>name</key>
			<string>AppDelegate.cpp</string>
			<key>path</key>
			<string>../Classes/AppDelegate.cpp</string>
			<key>sourceTree</key>
			<string>&lt;group&gt;</string>
		</dict>
		<key>1AFAF8B416D35DE700DB1158</key>
		<dict>
			<key>fileEncoding</key>
			<string>4</string>
			<key>isa</key>
			<string>PBXFileReference</string>
			<key>lastKnownFileType</key>
			<string>sourcecode.c.h</string>
			<key>name</key>
			<string>AppDelegate.h</string>
			<key>path</key>
			<string>../Classes/AppDelegate.h</string>
			<key>sourceTree</key>
			<string>&lt;group&gt;</string>
		</dict>
		<key>1AFAF8B516D35DE700DB1158</key>
		<dict>
			<key>fileEncoding</key>
			<string>4</string>
			<key>isa</key>
			<string>PBXFileReference</string>
			<key>lastKnownFileType</key>
			<string>sourcecode.cpp.cpp</string>
			<key>name</key>
			<string>HelloWorldScene.cpp</string>
			<key>path</key>
			<string>../Classes/HelloWorldScene.cpp</string>
			<key>sourceTree</key>
			<string>&lt;group&gt;</string>
		</dict>
		<key>1AFAF8B616D35DE700DB1158</key>
		<dict>
			<key>fileEncoding</key>
			<string>4</string>
			<key>isa</key>
			<string>PBXFileReference</string>
			<key>lastKnownFileType</key>
			<string>sourcecode.c.h</string>
			<key>name</key>
			<string>HelloWorldScene.h</string>
			<key>path</key>
			<string>../Classes/HelloWorldScene.h</string>
			<key>sourceTree</key>
			<string>&lt;group&gt;</string>
		</dict>
		<key>1AFAF8B716D35DE700DB1158</key>
		<dict>
			<key>fileRef</key>
			<string>1AFAF8B316D35DE700DB1158</string>
			<key>isa</key>
			<string>PBXBuildFile</string>
		</dict>
		<key>1AFAF8B816D35DE700DB1158</key>
		<dict>
			<key>fileRef</key>
			<string>1AFAF8B516D35DE700DB1158</string>
			<key>isa</key>
			<string>PBXBuildFile</string>
		</dict>
		<key>1AFAF8B916D35E4900DB1158</key>
		<dict>
			<key>isa</key>
			<string>PBXFileReference</string>
			<key>lastKnownFileType</key>
			<string>image.png</string>
			<key>path</key>
			<string>CloseNormal.png</string>
			<key>sourceTree</key>
			<string>&lt;group&gt;</string>
		</dict>
		<key>1AFAF8BA16D35E4900DB1158</key>
		<dict>
			<key>isa</key>
			<string>PBXFileReference</string>
			<key>lastKnownFileType</key>
			<string>image.png</string>
			<key>path</key>
			<string>CloseSelected.png</string>
			<key>sourceTree</key>
			<string>&lt;group&gt;</string>
		</dict>
		<key>1AFAF8BB16D35E4900DB1158</key>
		<dict>
			<key>isa</key>
			<string>PBXFileReference</string>
			<key>lastKnownFileType</key>
			<string>image.png</string>
			<key>path</key>
			<string>HelloWorld.png</string>
			<key>sourceTree</key>
			<string>&lt;group&gt;</string>
		</dict>
		<key>1AFAF8BC16D35E4900DB1158</key>
		<dict>
			<key>fileRef</key>
			<string>1AFAF8B916D35E4900DB1158</string>
			<key>isa</key>
			<string>PBXBuildFile</string>
		</dict>
		<key>1AFAF8BD16D35E4900DB1158</key>
		<dict>
			<key>fileRef</key>
			<string>1AFAF8BA16D35E4900DB1158</string>
			<key>isa</key>
			<string>PBXBuildFile</string>
		</dict>
		<key>1AFAF8BE16D35E4900DB1158</key>
		<dict>
			<key>fileRef</key>
			<string>1AFAF8BB16D35E4900DB1158</string>
			<key>isa</key>
			<string>PBXBuildFile</string>
		</dict>
		<key>1D30AB110D05D00D00671497</key>
		<dict>
			<key>isa</key>
			<string>PBXFileReference</string>
			<key>lastKnownFileType</key>
			<string>wrapper.framework</string>
			<key>name</key>
			<string>Foundation.framework</string>
			<key>path</key>
			<string>System/Library/Frameworks/Foundation.framework</string>
			<key>sourceTree</key>
			<string>SDKROOT</string>
		</dict>
		<key>1D60588D0D05DD3D006BFB54</key>
		<dict>
			<key>buildActionMask</key>
			<string>2147483647</string>
			<key>files</key>
			<array>
				<string>5087E78117EB970100C73F5D</string>
				<string>5087E78617EB970100C73F5D</string>
				<string>5087E77F17EB970100C73F5D</string>
				<string>50EF629917ECD46A001EB2F8</string>
				<string>1AFAF8BC16D35E4900DB1158</string>
				<string>5087E78317EB970100C73F5D</string>
				<string>5087E77D17EB970100C73F5D</string>
				<string>5087E78517EB970100C73F5D</string>
				<string>1AFAF8BD16D35E4900DB1158</string>
				<string>50EF62A317ECD613001EB2F8</string>
				<string>5087E78017EB970100C73F5D</string>
				<string>1AFAF8BE16D35E4900DB1158</string>
				<string>50EF62A217ECD613001EB2F8</string>
				<string>50EF629617ECD46A001EB2F8</string>
				<string>5087E78217EB970100C73F5D</string>
				<string>50EF629817ECD46A001EB2F8</string>
				<string>5087E78417EB970100C73F5D</string>
				<string>5087E77E17EB970100C73F5D</string>
				<string>50EF629717ECD46A001EB2F8</string>
			</array>
			<key>isa</key>
			<string>PBXResourcesBuildPhase</string>
			<key>runOnlyForDeploymentPostprocessing</key>
			<string>0</string>
		</dict>
		<key>1D60588E0D05DD3D006BFB54</key>
		<dict>
			<key>buildActionMask</key>
			<string>2147483647</string>
			<key>files</key>
			<array>
				<string>503AE10017EB989F00D1A890</string>
				<string>503AE10217EB989F00D1A890</string>
				<string>1AFAF8B716D35DE700DB1158</string>
				<string>503AE10117EB989F00D1A890</string>
				<string>1AFAF8B816D35DE700DB1158</string>
			</array>
			<key>isa</key>
			<string>PBXSourcesBuildPhase</string>
			<key>runOnlyForDeploymentPostprocessing</key>
			<string>0</string>
		</dict>
		<key>1D60588F0D05DD3D006BFB54</key>
		<dict>
			<key>buildActionMask</key>
			<string>2147483647</string>
			<key>files</key>
			<array>
				<string>1AC6FB2E180E99EB004C840B</string>
				<string>1AC6FB2F180E99EB004C840B</string>
				<string>1AC6FB30180E99EB004C840B</string>
				<string>1AC6FB31180E99EB004C840B</string>
				<string>1AC6FB32180E99EB004C840B</string>
				<string>D6B0611B1803AB670077942B</string>
				<string>1D60589F0D05DD5A006BFB54</string>
				<string>1DF5F4E00D08C38300B7A737</string>
				<string>288765A50DF7441C002DB57D</string>
				<string>BF171245129291EC00B8313A</string>
				<string>BF1712471292920000B8313A</string>
				<string>BF1C47F01293687400B63C5D</string>
				<string>D44C620C132DFF330009C878</string>
				<string>D44C620E132DFF430009C878</string>
				<string>D44C6210132DFF4E0009C878</string>
				<string>CA1535D548B64E1C9BA738C0</string>
			</array>
			<key>isa</key>
			<string>PBXFrameworksBuildPhase</string>
			<key>runOnlyForDeploymentPostprocessing</key>
			<string>0</string>
		</dict>
		<key>1D6058900D05DD3D006BFB54</key>
		<dict>
			<key>buildConfigurationList</key>
			<string>1D6058960D05DD3E006BFB54</string>
			<key>buildPhases</key>
			<array>
				<string>A50210396E4E45F295965626</string>
				<string>1D60588D0D05DD3D006BFB54</string>
				<string>1D60588E0D05DD3D006BFB54</string>
				<string>1D60588F0D05DD3D006BFB54</string>
				<string>352EBF648AE7414B8054930E</string>
			</array>
			<key>buildRules</key>
			<array/>
			<key>dependencies</key>
			<array>
				<string>1AC6FB25180E99E1004C840B</string>
				<string>1AC6FB27180E99E1004C840B</string>
				<string>1AC6FB29180E99E1004C840B</string>
				<string>1AC6FB2B180E99E1004C840B</string>
				<string>1AC6FB2D180E99E1004C840B</string>
			</array>
			<key>isa</key>
			<string>PBXNativeTarget</string>
			<key>name</key>
			<string>UICocos2dx iOS</string>
			<key>productName</key>
			<string>iphone</string>
			<key>productReference</key>
			<string>1D6058910D05DD3D006BFB54</string>
			<key>productType</key>
			<string>com.apple.product-type.application</string>
		</dict>
		<key>1D6058910D05DD3D006BFB54</key>
		<dict>
			<key>explicitFileType</key>
			<string>wrapper.application</string>
			<key>includeInIndex</key>
			<string>0</string>
			<key>isa</key>
			<string>PBXFileReference</string>
			<key>path</key>
			<string>UICocos2dx iOS.app</string>
			<key>sourceTree</key>
			<string>BUILT_PRODUCTS_DIR</string>
		</dict>
		<key>1D6058940D05DD3E006BFB54</key>
		<dict>
			<key>baseConfigurationReference</key>
			<string>651B0EE60C6947D59E7E5149</string>
			<key>buildSettings</key>
			<dict>
				<key>ALWAYS_SEARCH_USER_PATHS</key>
				<string>YES</string>
				<key>CODE_SIGN_IDENTITY</key>
				<string>iPhone Developer</string>
				<key>COMPRESS_PNG_FILES</key>
				<string>NO</string>
				<key>GCC_DYNAMIC_NO_PIC</key>
				<string>NO</string>
				<key>GCC_INLINES_ARE_PRIVATE_EXTERN</key>
				<string>NO</string>
				<key>GCC_PRECOMPILE_PREFIX_HEADER</key>
				<string>YES</string>
				<key>GCC_PREFIX_HEADER</key>
				<string>ios/Prefix.pch</string>
				<key>GCC_PREPROCESSOR_DEFINITIONS</key>
				<array>
					<string>USE_FILE32API</string>
					<string>CC_TARGET_OS_IPHONE</string>
					<string>COCOS2D_DEBUG=1</string>
					<string>CC_ENABLE_CHIPMUNK_INTEGRATION=1</string>
				</array>
				<key>GCC_SYMBOLS_PRIVATE_EXTERN</key>
				<string>NO</string>
				<key>HEADER_SEARCH_PATHS</key>
				<array>
					<string>$(inherited)</string>
					<string>$(SRCROOT)/../cocos2d/cocos/2d/platform/ios</string>
					<string>$(SRCROOT)/../cocos2d/cocos/2d/platform/ios/Simulation</string>
				</array>
				<key>INFOPLIST_FILE</key>
				<string>ios/Info.plist</string>
				<key>IPHONEOS_DEPLOYMENT_TARGET</key>
				<string>5.0</string>
				<key>LIBRARY_SEARCH_PATHS</key>
				<string></string>
				<key>SDKROOT</key>
				<string>iphoneos</string>
				<key>TARGETED_DEVICE_FAMILY</key>
				<string>1,2</string>
				<key>USER_HEADER_SEARCH_PATHS</key>
				<string></string>
			</dict>
			<key>isa</key>
			<string>XCBuildConfiguration</string>
			<key>name</key>
			<string>Debug</string>
		</dict>
		<key>1D6058950D05DD3E006BFB54</key>
		<dict>
			<key>baseConfigurationReference</key>
			<string>651B0EE60C6947D59E7E5149</string>
			<key>buildSettings</key>
			<dict>
				<key>ALWAYS_SEARCH_USER_PATHS</key>
				<string>YES</string>
				<key>CODE_SIGN_IDENTITY</key>
				<string>iPhone Developer</string>
				<key>COMPRESS_PNG_FILES</key>
				<string>NO</string>
				<key>GCC_INLINES_ARE_PRIVATE_EXTERN</key>
				<string>NO</string>
				<key>GCC_PRECOMPILE_PREFIX_HEADER</key>
				<string>YES</string>
				<key>GCC_PREFIX_HEADER</key>
				<string>ios/Prefix.pch</string>
				<key>GCC_PREPROCESSOR_DEFINITIONS</key>
				<array>
					<string>USE_FILE32API</string>
					<string>CC_TARGET_OS_IPHONE</string>
					<string>CC_ENABLE_CHIPMUNK_INTEGRATION=1</string>
				</array>
				<key>GCC_SYMBOLS_PRIVATE_EXTERN</key>
				<string>NO</string>
				<key>HEADER_SEARCH_PATHS</key>
				<array>
					<string>$(inherited)</string>
					<string>$(SRCROOT)/../cocos2d/cocos/2d/platform/ios</string>
					<string>$(SRCROOT)/../cocos2d/cocos/2d/platform/ios/Simulation</string>
				</array>
				<key>INFOPLIST_FILE</key>
				<string>ios/Info.plist</string>
				<key>IPHONEOS_DEPLOYMENT_TARGET</key>
				<string>5.0</string>
				<key>LIBRARY_SEARCH_PATHS</key>
				<string></string>
				<key>SDKROOT</key>
				<string>iphoneos</string>
				<key>TARGETED_DEVICE_FAMILY</key>
				<string>1,2</string>
				<key>USER_HEADER_SEARCH_PATHS</key>
				<string></string>
			</dict>
			<key>isa</key>
			<string>XCBuildConfiguration</string>
			<key>name</key>
			<string>Release</string>
		</dict>
		<key>1D6058960D05DD3E006BFB54</key>
		<dict>
			<key>buildConfigurations</key>
			<array>
				<string>1D6058940D05DD3E006BFB54</string>
				<string>1D6058950D05DD3E006BFB54</string>
			</array>
			<key>defaultConfigurationIsVisible</key>
			<string>0</string>
			<key>defaultConfigurationName</key>
			<string>Debug</string>
			<key>isa</key>
			<string>XCConfigurationList</string>
		</dict>
		<key>1D60589F0D05DD5A006BFB54</key>
		<dict>
			<key>fileRef</key>
			<string>1D30AB110D05D00D00671497</string>
			<key>isa</key>
			<string>PBXBuildFile</string>
		</dict>
		<key>1DF5F4DF0D08C38300B7A737</key>
		<dict>
			<key>isa</key>
			<string>PBXFileReference</string>
			<key>lastKnownFileType</key>
			<string>wrapper.framework</string>
			<key>name</key>
			<string>UIKit.framework</string>
			<key>path</key>
			<string>System/Library/Frameworks/UIKit.framework</string>
			<key>sourceTree</key>
			<string>SDKROOT</string>
		</dict>
		<key>1DF5F4E00D08C38300B7A737</key>
		<dict>
			<key>fileRef</key>
			<string>1DF5F4DF0D08C38300B7A737</string>
			<key>isa</key>
			<string>PBXBuildFile</string>
		</dict>
		<key>288765A40DF7441C002DB57D</key>
		<dict>
			<key>isa</key>
			<string>PBXFileReference</string>
			<key>lastKnownFileType</key>
			<string>wrapper.framework</string>
			<key>name</key>
			<string>CoreGraphics.framework</string>
			<key>path</key>
			<string>System/Library/Frameworks/CoreGraphics.framework</string>
			<key>sourceTree</key>
			<string>SDKROOT</string>
		</dict>
		<key>288765A50DF7441C002DB57D</key>
		<dict>
			<key>fileRef</key>
			<string>288765A40DF7441C002DB57D</string>
			<key>isa</key>
			<string>PBXBuildFile</string>
		</dict>
		<key>29B97313FDCFA39411CA2CEA</key>
		<dict>
			<key>attributes</key>
			<dict>
				<key>LastUpgradeCheck</key>
				<string>0500</string>
				<key>TargetAttributes</key>
				<dict>
					<key>1D6058900D05DD3D006BFB54</key>
					<dict>
						<key>DevelopmentTeam</key>
						<string>MDDB52YB8L</string>
					</dict>
				</dict>
			</dict>
			<key>buildConfigurationList</key>
			<string>C01FCF4E08A954540054247B</string>
			<key>compatibilityVersion</key>
			<string>Xcode 3.2</string>
			<key>developmentRegion</key>
			<string>English</string>
			<key>hasScannedForEncodings</key>
			<string>1</string>
			<key>isa</key>
			<string>PBXProject</string>
			<key>knownRegions</key>
			<array>
				<string>English</string>
				<string>Japanese</string>
				<string>French</string>
				<string>German</string>
			</array>
			<key>mainGroup</key>
			<string>29B97314FDCFA39411CA2CEA</string>
			<key>projectDirPath</key>
			<string></string>
			<key>projectReferences</key>
			<array>
				<dict>
					<key>ProductGroup</key>
					<string>1AC6FAE6180E9839004C840B</string>
					<key>ProjectRef</key>
					<string>1AC6FAE5180E9839004C840B</string>
				</dict>
			</array>
			<key>projectRoot</key>
			<string></string>
			<key>targets</key>
			<array>
				<string>1D6058900D05DD3D006BFB54</string>
				<string>5087E73D17EB910900C73F5D</string>
			</array>
		</dict>
		<key>29B97314FDCFA39411CA2CEA</key>
		<dict>
			<key>children</key>
			<array>
				<string>1AC6FAE5180E9839004C840B</string>
				<string>15AA9C4015B7EC450033D6C2</string>
				<string>29B97323FDCFA39411CA2CEA</string>
				<string>080E96DDFE201D6D7F000001</string>
				<string>503AE10617EB990700D1A890</string>
				<string>19C28FACFE9D520D11CA2CBB</string>
				<string>78C7DDAA14EBA5050085D0C2</string>
				<string>651B0EE60C6947D59E7E5149</string>
			</array>
			<key>isa</key>
			<string>PBXGroup</string>
			<key>name</key>
			<string>CustomTemplate</string>
			<key>sourceTree</key>
			<string>&lt;group&gt;</string>
		</dict>
		<key>29B97323FDCFA39411CA2CEA</key>
		<dict>
			<key>children</key>
			<array>
				<string>D6B0611A1803AB670077942B</string>
				<string>503AE11A17EB9C5A00D1A890</string>
				<string>503AE11117EB99EE00D1A890</string>
				<string>5087E78A17EB975400C73F5D</string>
				<string>5087E78817EB974C00C73F5D</string>
				<string>1ACB3243164770DE00914215</string>
				<string>BF170DB412928DE900B8313A</string>
				<string>D44C620F132DFF4E0009C878</string>
				<string>D44C620D132DFF430009C878</string>
				<string>288765A40DF7441C002DB57D</string>
				<string>1D30AB110D05D00D00671497</string>
				<string>D44C620B132DFF330009C878</string>
				<string>BF170DB012928DE900B8313A</string>
				<string>BF1C47EA1293683800B63C5D</string>
				<string>1DF5F4DF0D08C38300B7A737</string>
				<string>C4DCD08B0BD4458AB9549B19</string>
			</array>
			<key>isa</key>
			<string>PBXGroup</string>
			<key>name</key>
			<string>Frameworks</string>
			<key>sourceTree</key>
			<string>&lt;group&gt;</string>
		</dict>
		<key>352EBF648AE7414B8054930E</key>
		<dict>
			<key>buildActionMask</key>
			<string>2147483647</string>
			<key>files</key>
			<array/>
			<key>inputPaths</key>
			<array/>
			<key>isa</key>
			<string>PBXShellScriptBuildPhase</string>
			<key>name</key>
			<string>Copy Pods Resources</string>
			<key>outputPaths</key>
			<array/>
			<key>runOnlyForDeploymentPostprocessing</key>
			<string>0</string>
			<key>shellPath</key>
			<string>/bin/sh</string>
			<key>shellScript</key>
			<string>"${SRCROOT}/Pods/Pods-resources.sh"
</string>
			<key>showEnvVarsInLog</key>
			<string>0</string>
		</dict>
		<key>503AE0F517EB97AB00D1A890</key>
		<dict>
			<key>children</key>
			<array>
				<string>503AE0F617EB97AB00D1A890</string>
				<string>503AE0F717EB97AB00D1A890</string>
			</array>
			<key>isa</key>
			<string>PBXGroup</string>
			<key>name</key>
			<string>Icons</string>
			<key>path</key>
			<string>mac</string>
			<key>sourceTree</key>
			<string>SOURCE_ROOT</string>
		</dict>
		<key>503AE0F617EB97AB00D1A890</key>
		<dict>
			<key>isa</key>
			<string>PBXFileReference</string>
			<key>lastKnownFileType</key>
			<string>image.icns</string>
			<key>path</key>
			<string>Icon.icns</string>
			<key>sourceTree</key>
			<string>&lt;group&gt;</string>
		</dict>
		<key>503AE0F717EB97AB00D1A890</key>
		<dict>
			<key>fileEncoding</key>
			<string>4</string>
			<key>isa</key>
			<string>PBXFileReference</string>
			<key>lastKnownFileType</key>
			<string>text.plist.xml</string>
			<key>path</key>
			<string>Info.plist</string>
			<key>sourceTree</key>
			<string>&lt;group&gt;</string>
		</dict>
		<key>503AE0F817EB97AB00D1A890</key>
		<dict>
			<key>fileRef</key>
			<string>503AE0F617EB97AB00D1A890</string>
			<key>isa</key>
			<string>PBXBuildFile</string>
		</dict>
		<key>503AE0FA17EB989F00D1A890</key>
		<dict>
			<key>fileEncoding</key>
			<string>4</string>
			<key>isa</key>
			<string>PBXFileReference</string>
			<key>lastKnownFileType</key>
			<string>sourcecode.c.h</string>
			<key>name</key>
			<string>AppController.h</string>
			<key>path</key>
			<string>ios/AppController.h</string>
			<key>sourceTree</key>
			<string>SOURCE_ROOT</string>
		</dict>
		<key>503AE0FB17EB989F00D1A890</key>
		<dict>
			<key>fileEncoding</key>
			<string>4</string>
			<key>isa</key>
			<string>PBXFileReference</string>
			<key>lastKnownFileType</key>
			<string>sourcecode.cpp.objcpp</string>
			<key>name</key>
			<string>AppController.mm</string>
			<key>path</key>
			<string>ios/AppController.mm</string>
			<key>sourceTree</key>
			<string>SOURCE_ROOT</string>
		</dict>
		<key>503AE0FC17EB989F00D1A890</key>
		<dict>
			<key>fileEncoding</key>
			<string>4</string>
			<key>isa</key>
			<string>PBXFileReference</string>
			<key>lastKnownFileType</key>
			<string>sourcecode.c.objc</string>
			<key>name</key>
			<string>main.m</string>
			<key>path</key>
			<string>ios/main.m</string>
			<key>sourceTree</key>
			<string>SOURCE_ROOT</string>
		</dict>
		<key>503AE0FD17EB989F00D1A890</key>
		<dict>
			<key>fileEncoding</key>
			<string>4</string>
			<key>isa</key>
			<string>PBXFileReference</string>
			<key>lastKnownFileType</key>
			<string>sourcecode.c.h</string>
			<key>name</key>
			<string>Prefix.pch</string>
			<key>path</key>
			<string>ios/Prefix.pch</string>
			<key>sourceTree</key>
			<string>SOURCE_ROOT</string>
		</dict>
		<key>503AE0FE17EB989F00D1A890</key>
		<dict>
			<key>fileEncoding</key>
			<string>4</string>
			<key>isa</key>
			<string>PBXFileReference</string>
			<key>lastKnownFileType</key>
			<string>sourcecode.c.h</string>
			<key>name</key>
			<string>RootViewController.h</string>
			<key>path</key>
			<string>ios/RootViewController.h</string>
			<key>sourceTree</key>
			<string>SOURCE_ROOT</string>
		</dict>
		<key>503AE0FF17EB989F00D1A890</key>
		<dict>
			<key>fileEncoding</key>
			<string>4</string>
			<key>isa</key>
			<string>PBXFileReference</string>
			<key>lastKnownFileType</key>
			<string>sourcecode.cpp.objcpp</string>
			<key>name</key>
			<string>RootViewController.mm</string>
			<key>path</key>
			<string>ios/RootViewController.mm</string>
			<key>sourceTree</key>
			<string>SOURCE_ROOT</string>
		</dict>
		<key>503AE10017EB989F00D1A890</key>
		<dict>
			<key>fileRef</key>
			<string>503AE0FB17EB989F00D1A890</string>
			<key>isa</key>
			<string>PBXBuildFile</string>
		</dict>
		<key>503AE10117EB989F00D1A890</key>
		<dict>
			<key>fileRef</key>
			<string>503AE0FC17EB989F00D1A890</string>
			<key>isa</key>
			<string>PBXBuildFile</string>
		</dict>
		<key>503AE10217EB989F00D1A890</key>
		<dict>
			<key>fileRef</key>
			<string>503AE0FF17EB989F00D1A890</string>
			<key>isa</key>
			<string>PBXBuildFile</string>
		</dict>
		<key>503AE10317EB98FF00D1A890</key>
		<dict>
			<key>fileEncoding</key>
			<string>4</string>
			<key>isa</key>
			<string>PBXFileReference</string>
			<key>lastKnownFileType</key>
			<string>sourcecode.cpp.cpp</string>
			<key>name</key>
			<string>main.cpp</string>
			<key>path</key>
			<string>mac/main.cpp</string>
			<key>sourceTree</key>
			<string>&lt;group&gt;</string>
		</dict>
		<key>503AE10417EB98FF00D1A890</key>
		<dict>
			<key>fileEncoding</key>
			<string>4</string>
			<key>isa</key>
			<string>PBXFileReference</string>
			<key>lastKnownFileType</key>
			<string>sourcecode.c.h</string>
			<key>name</key>
			<string>Prefix.pch</string>
			<key>path</key>
			<string>mac/Prefix.pch</string>
			<key>sourceTree</key>
			<string>&lt;group&gt;</string>
		</dict>
		<key>503AE10517EB98FF00D1A890</key>
		<dict>
			<key>fileRef</key>
			<string>503AE10317EB98FF00D1A890</string>
			<key>isa</key>
			<string>PBXBuildFile</string>
		</dict>
		<key>503AE10617EB990700D1A890</key>
		<dict>
			<key>children</key>
			<array>
				<string>503AE0F517EB97AB00D1A890</string>
				<string>503AE10317EB98FF00D1A890</string>
				<string>503AE10417EB98FF00D1A890</string>
			</array>
			<key>isa</key>
			<string>PBXGroup</string>
			<key>name</key>
			<string>mac</string>
			<key>sourceTree</key>
			<string>&lt;group&gt;</string>
		</dict>
		<key>503AE11117EB99EE00D1A890</key>
		<dict>
			<key>isa</key>
			<string>PBXFileReference</string>
			<key>lastKnownFileType</key>
			<string>compiled.mach-o.dylib</string>
			<key>name</key>
			<string>libcurl.dylib</string>
			<key>path</key>
			<string>usr/lib/libcurl.dylib</string>
			<key>sourceTree</key>
			<string>SDKROOT</string>
		</dict>
		<key>503AE11217EB99EE00D1A890</key>
		<dict>
			<key>fileRef</key>
			<string>503AE11117EB99EE00D1A890</string>
			<key>isa</key>
			<string>PBXBuildFile</string>
		</dict>
		<key>503AE11A17EB9C5A00D1A890</key>
		<dict>
			<key>isa</key>
			<string>PBXFileReference</string>
			<key>lastKnownFileType</key>
			<string>wrapper.framework</string>
			<key>name</key>
			<string>IOKit.framework</string>
			<key>path</key>
			<string>System/Library/Frameworks/IOKit.framework</string>
			<key>sourceTree</key>
			<string>SDKROOT</string>
		</dict>
		<key>503AE11B17EB9C5A00D1A890</key>
		<dict>
			<key>fileRef</key>
			<string>503AE11A17EB9C5A00D1A890</string>
			<key>isa</key>
			<string>PBXBuildFile</string>
		</dict>
		<key>5087E73D17EB910900C73F5D</key>
		<dict>
			<key>buildConfigurationList</key>
			<string>5087E76C17EB910900C73F5D</string>
			<key>buildPhases</key>
			<array>
				<string>5087E74817EB910900C73F5D</string>
				<string>5087E75617EB910900C73F5D</string>
				<string>5087E75C17EB910900C73F5D</string>
			</array>
			<key>buildRules</key>
			<array/>
			<key>dependencies</key>
			<array>
				<string>1AC6FB1E180E9963004C840B</string>
				<string>1AC6FB16180E9959004C840B</string>
				<string>1AC6FB18180E9959004C840B</string>
				<string>1AC6FB1A180E9959004C840B</string>
				<string>1AC6FB1C180E9959004C840B</string>
			</array>
			<key>isa</key>
			<string>PBXNativeTarget</string>
			<key>name</key>
			<string>UICocos2dx Mac</string>
			<key>productName</key>
			<string>iphone</string>
			<key>productReference</key>
			<string>5087E76F17EB910900C73F5D</string>
			<key>productType</key>
			<string>com.apple.product-type.application</string>
		</dict>
		<key>5087E74817EB910900C73F5D</key>
		<dict>
			<key>buildActionMask</key>
			<string>2147483647</string>
			<key>files</key>
			<array>
				<string>5087E75317EB910900C73F5D</string>
				<string>503AE0F817EB97AB00D1A890</string>
				<string>5087E75417EB910900C73F5D</string>
				<string>5087E75517EB910900C73F5D</string>
			</array>
			<key>isa</key>
			<string>PBXResourcesBuildPhase</string>
			<key>runOnlyForDeploymentPostprocessing</key>
			<string>0</string>
		</dict>
		<key>5087E75317EB910900C73F5D</key>
		<dict>
			<key>fileRef</key>
			<string>1AFAF8B916D35E4900DB1158</string>
			<key>isa</key>
			<string>PBXBuildFile</string>
		</dict>
		<key>5087E75417EB910900C73F5D</key>
		<dict>
			<key>fileRef</key>
			<string>1AFAF8BA16D35E4900DB1158</string>
			<key>isa</key>
			<string>PBXBuildFile</string>
		</dict>
		<key>5087E75517EB910900C73F5D</key>
		<dict>
			<key>fileRef</key>
			<string>1AFAF8BB16D35E4900DB1158</string>
			<key>isa</key>
			<string>PBXBuildFile</string>
		</dict>
		<key>5087E75617EB910900C73F5D</key>
		<dict>
			<key>buildActionMask</key>
			<string>2147483647</string>
			<key>files</key>
			<array>
				<string>5087E75717EB910900C73F5D</string>
				<string>5087E75817EB910900C73F5D</string>
				<string>503AE10517EB98FF00D1A890</string>
			</array>
			<key>isa</key>
			<string>PBXSourcesBuildPhase</string>
			<key>runOnlyForDeploymentPostprocessing</key>
			<string>0</string>
		</dict>
		<key>5087E75717EB910900C73F5D</key>
		<dict>
			<key>fileRef</key>
			<string>1AFAF8B316D35DE700DB1158</string>
			<key>isa</key>
			<string>PBXBuildFile</string>
		</dict>
		<key>5087E75817EB910900C73F5D</key>
		<dict>
			<key>fileRef</key>
			<string>1AFAF8B516D35DE700DB1158</string>
			<key>isa</key>
			<string>PBXBuildFile</string>
		</dict>
		<key>5087E75C17EB910900C73F5D</key>
		<dict>
			<key>buildActionMask</key>
			<string>2147483647</string>
			<key>files</key>
			<array>
				<string>1AC6FB1F180E996B004C840B</string>
				<string>1AC6FB20180E996B004C840B</string>
				<string>1AC6FB21180E996B004C840B</string>
				<string>1AC6FB22180E996B004C840B</string>
				<string>1AC6FB23180E996B004C840B</string>
				<string>503AE11217EB99EE00D1A890</string>
				<string>5087E76717EB910900C73F5D</string>
				<string>503AE11B17EB9C5A00D1A890</string>
				<string>5087E78B17EB975400C73F5D</string>
				<string>5087E78917EB974C00C73F5D</string>
				<string>5087E76317EB910900C73F5D</string>
				<string>5087E76517EB910900C73F5D</string>
				<string>5087E76817EB910900C73F5D</string>
				<string>5087E76917EB910900C73F5D</string>
				<string>5087E76A17EB910900C73F5D</string>
				<string>5087E76B17EB910900C73F5D</string>
			</array>
			<key>isa</key>
			<string>PBXFrameworksBuildPhase</string>
			<key>runOnlyForDeploymentPostprocessing</key>
			<string>0</string>
		</dict>
		<key>5087E76317EB910900C73F5D</key>
		<dict>
			<key>fileRef</key>
			<string>1D30AB110D05D00D00671497</string>
			<key>isa</key>
			<string>PBXBuildFile</string>
		</dict>
		<key>5087E76517EB910900C73F5D</key>
		<dict>
			<key>fileRef</key>
			<string>288765A40DF7441C002DB57D</string>
			<key>isa</key>
			<string>PBXBuildFile</string>
		</dict>
		<key>5087E76717EB910900C73F5D</key>
		<dict>
			<key>fileRef</key>
			<string>BF170DB412928DE900B8313A</string>
			<key>isa</key>
			<string>PBXBuildFile</string>
		</dict>
		<key>5087E76817EB910900C73F5D</key>
		<dict>
			<key>fileRef</key>
			<string>BF1C47EA1293683800B63C5D</string>
			<key>isa</key>
			<string>PBXBuildFile</string>
		</dict>
		<key>5087E76917EB910900C73F5D</key>
		<dict>
			<key>fileRef</key>
			<string>D44C620B132DFF330009C878</string>
			<key>isa</key>
			<string>PBXBuildFile</string>
		</dict>
		<key>5087E76A17EB910900C73F5D</key>
		<dict>
			<key>fileRef</key>
			<string>D44C620D132DFF430009C878</string>
			<key>isa</key>
			<string>PBXBuildFile</string>
		</dict>
		<key>5087E76B17EB910900C73F5D</key>
		<dict>
			<key>fileRef</key>
			<string>D44C620F132DFF4E0009C878</string>
			<key>isa</key>
			<string>PBXBuildFile</string>
		</dict>
		<key>5087E76C17EB910900C73F5D</key>
		<dict>
			<key>buildConfigurations</key>
			<array>
				<string>5087E76D17EB910900C73F5D</string>
				<string>5087E76E17EB910900C73F5D</string>
			</array>
			<key>defaultConfigurationIsVisible</key>
			<string>0</string>
			<key>defaultConfigurationName</key>
			<string>Debug</string>
			<key>isa</key>
			<string>XCConfigurationList</string>
		</dict>
		<key>5087E76D17EB910900C73F5D</key>
		<dict>
			<key>buildSettings</key>
			<dict>
				<key>ALWAYS_SEARCH_USER_PATHS</key>
				<string>YES</string>
				<key>ARCHS</key>
				<string>$(ARCHS_STANDARD_64_BIT)</string>
				<key>CLANG_CXX_LANGUAGE_STANDARD</key>
				<string>c++0x</string>
				<key>CLANG_CXX_LIBRARY</key>
				<string>libc++</string>
				<key>GCC_DYNAMIC_NO_PIC</key>
				<string>NO</string>
				<key>GCC_INLINES_ARE_PRIVATE_EXTERN</key>
				<string>NO</string>
				<key>GCC_PRECOMPILE_PREFIX_HEADER</key>
				<string>YES</string>
				<key>GCC_PREFIX_HEADER</key>
				<string>mac/Prefix.pch</string>
				<key>GCC_PREPROCESSOR_DEFINITIONS</key>
				<array>
					<string>USE_FILE32API</string>
					<string>CC_TARGET_OS_MAC</string>
					<string>COCOS2D_DEBUG=1</string>
					<string>CC_ENABLE_CHIPMUNK_INTEGRATION=1</string>
				</array>
				<key>GCC_SYMBOLS_PRIVATE_EXTERN</key>
				<string>NO</string>
				<key>HEADER_SEARCH_PATHS</key>
				<array>
					<string>$(inherited)</string>
					<string>$(SRCROOT)/../cocos2d/cocos/2d/platform/mac</string>
					<string>$(SRCROOT)/../cocos2d/external/glfw3/include/mac</string>
				</array>
				<key>INFOPLIST_FILE</key>
				<string>mac/Info.plist</string>
				<key>LIBRARY_SEARCH_PATHS</key>
				<string></string>
				<key>USER_HEADER_SEARCH_PATHS</key>
				<string></string>
			</dict>
			<key>isa</key>
			<string>XCBuildConfiguration</string>
			<key>name</key>
			<string>Debug</string>
		</dict>
		<key>5087E76E17EB910900C73F5D</key>
		<dict>
			<key>buildSettings</key>
			<dict>
				<key>ALWAYS_SEARCH_USER_PATHS</key>
				<string>YES</string>
				<key>ARCHS</key>
				<string>$(ARCHS_STANDARD_64_BIT)</string>
				<key>CLANG_CXX_LANGUAGE_STANDARD</key>
				<string>c++0x</string>
				<key>CLANG_CXX_LIBRARY</key>
				<string>libc++</string>
				<key>GCC_INLINES_ARE_PRIVATE_EXTERN</key>
				<string>NO</string>
				<key>GCC_PRECOMPILE_PREFIX_HEADER</key>
				<string>YES</string>
				<key>GCC_PREFIX_HEADER</key>
				<string>mac/Prefix.pch</string>
				<key>GCC_PREPROCESSOR_DEFINITIONS</key>
				<array>
					<string>USE_FILE32API</string>
					<string>CC_TARGET_OS_MAC</string>
					<string>CC_ENABLE_CHIPMUNK_INTEGRATION=1</string>
				</array>
				<key>GCC_SYMBOLS_PRIVATE_EXTERN</key>
				<string>NO</string>
				<key>HEADER_SEARCH_PATHS</key>
				<array>
					<string>$(inherited)</string>
					<string>$(SRCROOT)/../cocos2d/cocos/2d/platform/mac</string>
					<string>$(SRCROOT)/../cocos2d/external/glfw3/include/mac</string>
				</array>
				<key>INFOPLIST_FILE</key>
				<string>mac/Info.plist</string>
				<key>LIBRARY_SEARCH_PATHS</key>
				<string></string>
				<key>USER_HEADER_SEARCH_PATHS</key>
				<string></string>
			</dict>
			<key>isa</key>
			<string>XCBuildConfiguration</string>
			<key>name</key>
			<string>Release</string>
		</dict>
		<key>5087E76F17EB910900C73F5D</key>
		<dict>
			<key>explicitFileType</key>
			<string>wrapper.application</string>
			<key>includeInIndex</key>
			<string>0</string>
			<key>isa</key>
			<string>PBXFileReference</string>
			<key>path</key>
			<string>UICocos2dx Mac.app</string>
			<key>sourceTree</key>
			<string>BUILT_PRODUCTS_DIR</string>
		</dict>
		<key>5087E77117EB970100C73F5D</key>
		<dict>
			<key>children</key>
			<array>
				<string>5087E77217EB970100C73F5D</string>
				<string>5087E77317EB970100C73F5D</string>
				<string>5087E77417EB970100C73F5D</string>
				<string>50EF62A017ECD613001EB2F8</string>
				<string>50EF62A117ECD613001EB2F8</string>
				<string>50EF629217ECD46A001EB2F8</string>
				<string>50EF629317ECD46A001EB2F8</string>
				<string>50EF629417ECD46A001EB2F8</string>
				<string>50EF629517ECD46A001EB2F8</string>
				<string>5087E77517EB970100C73F5D</string>
				<string>5087E77617EB970100C73F5D</string>
				<string>5087E77717EB970100C73F5D</string>
				<string>5087E77817EB970100C73F5D</string>
				<string>5087E77917EB970100C73F5D</string>
				<string>5087E77A17EB970100C73F5D</string>
				<string>5087E77B17EB970100C73F5D</string>
				<string>5087E77C17EB970100C73F5D</string>
			</array>
			<key>isa</key>
			<string>PBXGroup</string>
			<key>name</key>
			<string>Icons</string>
			<key>path</key>
			<string>ios</string>
			<key>sourceTree</key>
			<string>SOURCE_ROOT</string>
		</dict>
		<key>5087E77217EB970100C73F5D</key>
		<dict>
			<key>isa</key>
			<string>PBXFileReference</string>
			<key>lastKnownFileType</key>
			<string>image.png</string>
			<key>path</key>
			<string>Default-568h@2x.png</string>
			<key>sourceTree</key>
			<string>&lt;group&gt;</string>
		</dict>
		<key>5087E77317EB970100C73F5D</key>
		<dict>
			<key>isa</key>
			<string>PBXFileReference</string>
			<key>lastKnownFileType</key>
			<string>image.png</string>
			<key>path</key>
			<string>Default.png</string>
			<key>sourceTree</key>
			<string>&lt;group&gt;</string>
		</dict>
		<key>5087E77417EB970100C73F5D</key>
		<dict>
			<key>isa</key>
			<string>PBXFileReference</string>
			<key>lastKnownFileType</key>
			<string>image.png</string>
			<key>path</key>
			<string>Default@2x.png</string>
			<key>sourceTree</key>
			<string>&lt;group&gt;</string>
		</dict>
		<key>5087E77517EB970100C73F5D</key>
		<dict>
			<key>isa</key>
			<string>PBXFileReference</string>
			<key>lastKnownFileType</key>
			<string>image.png</string>
			<key>path</key>
			<string>Icon-114.png</string>
			<key>sourceTree</key>
			<string>&lt;group&gt;</string>
		</dict>
		<key>5087E77617EB970100C73F5D</key>
		<dict>
			<key>isa</key>
			<string>PBXFileReference</string>
			<key>lastKnownFileType</key>
			<string>image.png</string>
			<key>path</key>
			<string>Icon-120.png</string>
			<key>sourceTree</key>
			<string>&lt;group&gt;</string>
		</dict>
		<key>5087E77717EB970100C73F5D</key>
		<dict>
			<key>isa</key>
			<string>PBXFileReference</string>
			<key>lastKnownFileType</key>
			<string>image.png</string>
			<key>path</key>
			<string>Icon-144.png</string>
			<key>sourceTree</key>
			<string>&lt;group&gt;</string>
		</dict>
		<key>5087E77817EB970100C73F5D</key>
		<dict>
			<key>isa</key>
			<string>PBXFileReference</string>
			<key>lastKnownFileType</key>
			<string>image.png</string>
			<key>path</key>
			<string>Icon-152.png</string>
			<key>sourceTree</key>
			<string>&lt;group&gt;</string>
		</dict>
		<key>5087E77917EB970100C73F5D</key>
		<dict>
			<key>isa</key>
			<string>PBXFileReference</string>
			<key>lastKnownFileType</key>
			<string>image.png</string>
			<key>path</key>
			<string>Icon-57.png</string>
			<key>sourceTree</key>
			<string>&lt;group&gt;</string>
		</dict>
		<key>5087E77A17EB970100C73F5D</key>
		<dict>
			<key>isa</key>
			<string>PBXFileReference</string>
			<key>lastKnownFileType</key>
			<string>image.png</string>
			<key>path</key>
			<string>Icon-72.png</string>
			<key>sourceTree</key>
			<string>&lt;group&gt;</string>
		</dict>
		<key>5087E77B17EB970100C73F5D</key>
		<dict>
			<key>isa</key>
			<string>PBXFileReference</string>
			<key>lastKnownFileType</key>
			<string>image.png</string>
			<key>path</key>
			<string>Icon-76.png</string>
			<key>sourceTree</key>
			<string>&lt;group&gt;</string>
		</dict>
		<key>5087E77C17EB970100C73F5D</key>
		<dict>
			<key>fileEncoding</key>
			<string>4</string>
			<key>isa</key>
			<string>PBXFileReference</string>
			<key>lastKnownFileType</key>
			<string>text.plist.xml</string>
			<key>path</key>
			<string>Info.plist</string>
			<key>sourceTree</key>
			<string>&lt;group&gt;</string>
		</dict>
		<key>5087E77D17EB970100C73F5D</key>
		<dict>
			<key>fileRef</key>
			<string>5087E77217EB970100C73F5D</string>
			<key>isa</key>
			<string>PBXBuildFile</string>
		</dict>
		<key>5087E77E17EB970100C73F5D</key>
		<dict>
			<key>fileRef</key>
			<string>5087E77317EB970100C73F5D</string>
			<key>isa</key>
			<string>PBXBuildFile</string>
		</dict>
		<key>5087E77F17EB970100C73F5D</key>
		<dict>
			<key>fileRef</key>
			<string>5087E77417EB970100C73F5D</string>
			<key>isa</key>
			<string>PBXBuildFile</string>
		</dict>
		<key>5087E78017EB970100C73F5D</key>
		<dict>
			<key>fileRef</key>
			<string>5087E77517EB970100C73F5D</string>
			<key>isa</key>
			<string>PBXBuildFile</string>
		</dict>
		<key>5087E78117EB970100C73F5D</key>
		<dict>
			<key>fileRef</key>
			<string>5087E77617EB970100C73F5D</string>
			<key>isa</key>
			<string>PBXBuildFile</string>
		</dict>
		<key>5087E78217EB970100C73F5D</key>
		<dict>
			<key>fileRef</key>
			<string>5087E77717EB970100C73F5D</string>
			<key>isa</key>
			<string>PBXBuildFile</string>
		</dict>
		<key>5087E78317EB970100C73F5D</key>
		<dict>
			<key>fileRef</key>
			<string>5087E77817EB970100C73F5D</string>
			<key>isa</key>
			<string>PBXBuildFile</string>
		</dict>
		<key>5087E78417EB970100C73F5D</key>
		<dict>
			<key>fileRef</key>
			<string>5087E77917EB970100C73F5D</string>
			<key>isa</key>
			<string>PBXBuildFile</string>
		</dict>
		<key>5087E78517EB970100C73F5D</key>
		<dict>
			<key>fileRef</key>
			<string>5087E77A17EB970100C73F5D</string>
			<key>isa</key>
			<string>PBXBuildFile</string>
		</dict>
		<key>5087E78617EB970100C73F5D</key>
		<dict>
			<key>fileRef</key>
			<string>5087E77B17EB970100C73F5D</string>
			<key>isa</key>
			<string>PBXBuildFile</string>
		</dict>
		<key>5087E78817EB974C00C73F5D</key>
		<dict>
			<key>isa</key>
			<string>PBXFileReference</string>
			<key>lastKnownFileType</key>
			<string>wrapper.framework</string>
			<key>name</key>
			<string>AppKit.framework</string>
			<key>path</key>
			<string>System/Library/Frameworks/AppKit.framework</string>
			<key>sourceTree</key>
			<string>SDKROOT</string>
		</dict>
		<key>5087E78917EB974C00C73F5D</key>
		<dict>
			<key>fileRef</key>
			<string>5087E78817EB974C00C73F5D</string>
			<key>isa</key>
			<string>PBXBuildFile</string>
		</dict>
		<key>5087E78A17EB975400C73F5D</key>
		<dict>
			<key>isa</key>
			<string>PBXFileReference</string>
			<key>lastKnownFileType</key>
			<string>wrapper.framework</string>
			<key>name</key>
			<string>OpenGL.framework</string>
			<key>path</key>
			<string>System/Library/Frameworks/OpenGL.framework</string>
			<key>sourceTree</key>
			<string>SDKROOT</string>
		</dict>
		<key>5087E78B17EB975400C73F5D</key>
		<dict>
			<key>fileRef</key>
			<string>5087E78A17EB975400C73F5D</string>
			<key>isa</key>
			<string>PBXBuildFile</string>
		</dict>
		<key>50EF629217ECD46A001EB2F8</key>
		<dict>
			<key>isa</key>
			<string>PBXFileReference</string>
			<key>lastKnownFileType</key>
			<string>image.png</string>
			<key>path</key>
			<string>Icon-40.png</string>
			<key>sourceTree</key>
			<string>&lt;group&gt;</string>
		</dict>
		<key>50EF629317ECD46A001EB2F8</key>
		<dict>
			<key>isa</key>
			<string>PBXFileReference</string>
			<key>lastKnownFileType</key>
			<string>image.png</string>
			<key>path</key>
			<string>Icon-58.png</string>
			<key>sourceTree</key>
			<string>&lt;group&gt;</string>
		</dict>
		<key>50EF629417ECD46A001EB2F8</key>
		<dict>
			<key>isa</key>
			<string>PBXFileReference</string>
			<key>lastKnownFileType</key>
			<string>image.png</string>
			<key>path</key>
			<string>Icon-80.png</string>
			<key>sourceTree</key>
			<string>&lt;group&gt;</string>
		</dict>
		<key>50EF629517ECD46A001EB2F8</key>
		<dict>
			<key>isa</key>
			<string>PBXFileReference</string>
			<key>lastKnownFileType</key>
			<string>image.png</string>
			<key>path</key>
			<string>Icon-100.png</string>
			<key>sourceTree</key>
			<string>&lt;group&gt;</string>
		</dict>
		<key>50EF629617ECD46A001EB2F8</key>
		<dict>
			<key>fileRef</key>
			<string>50EF629217ECD46A001EB2F8</string>
			<key>isa</key>
			<string>PBXBuildFile</string>
		</dict>
		<key>50EF629717ECD46A001EB2F8</key>
		<dict>
			<key>fileRef</key>
			<string>50EF629317ECD46A001EB2F8</string>
			<key>isa</key>
			<string>PBXBuildFile</string>
		</dict>
		<key>50EF629817ECD46A001EB2F8</key>
		<dict>
			<key>fileRef</key>
			<string>50EF629417ECD46A001EB2F8</string>
			<key>isa</key>
			<string>PBXBuildFile</string>
		</dict>
		<key>50EF629917ECD46A001EB2F8</key>
		<dict>
			<key>fileRef</key>
			<string>50EF629517ECD46A001EB2F8</string>
			<key>isa</key>
			<string>PBXBuildFile</string>
		</dict>
		<key>50EF62A017ECD613001EB2F8</key>
		<dict>
			<key>isa</key>
			<string>PBXFileReference</string>
			<key>lastKnownFileType</key>
			<string>image.png</string>
			<key>path</key>
			<string>Icon-29.png</string>
			<key>sourceTree</key>
			<string>&lt;group&gt;</string>
		</dict>
		<key>50EF62A117ECD613001EB2F8</key>
		<dict>
			<key>isa</key>
			<string>PBXFileReference</string>
			<key>lastKnownFileType</key>
			<string>image.png</string>
			<key>path</key>
			<string>Icon-50.png</string>
			<key>sourceTree</key>
			<string>&lt;group&gt;</string>
		</dict>
		<key>50EF62A217ECD613001EB2F8</key>
		<dict>
			<key>fileRef</key>
			<string>50EF62A017ECD613001EB2F8</string>
			<key>isa</key>
			<string>PBXBuildFile</string>
		</dict>
		<key>50EF62A317ECD613001EB2F8</key>
		<dict>
			<key>fileRef</key>
			<string>50EF62A117ECD613001EB2F8</string>
			<key>isa</key>
			<string>PBXBuildFile</string>
		</dict>
		<key>651B0EE60C6947D59E7E5149</key>
		<dict>
			<key>includeInIndex</key>
			<string>1</string>
			<key>isa</key>
			<string>PBXFileReference</string>
			<key>lastKnownFileType</key>
			<string>text.xcconfig</string>
			<key>name</key>
			<string>Pods.xcconfig</string>
			<key>path</key>
			<string>Pods/Pods.xcconfig</string>
			<key>sourceTree</key>
			<string>&lt;group&gt;</string>
		</dict>
		<key>78C7DDAA14EBA5050085D0C2</key>
		<dict>
			<key>children</key>
			<array>
				<string>1AFAF8B916D35E4900DB1158</string>
				<string>1AFAF8BA16D35E4900DB1158</string>
				<string>1AFAF8BB16D35E4900DB1158</string>
			</array>
			<key>isa</key>
			<string>PBXGroup</string>
			<key>name</key>
			<string>Resources</string>
			<key>path</key>
			<string>../Resources</string>
			<key>sourceTree</key>
			<string>&lt;group&gt;</string>
		</dict>
		<key>A50210396E4E45F295965626</key>
		<dict>
			<key>buildActionMask</key>
			<string>2147483647</string>
			<key>files</key>
			<array/>
			<key>inputPaths</key>
			<array/>
			<key>isa</key>
			<string>PBXShellScriptBuildPhase</string>
			<key>name</key>
			<string>Check Pods Manifest.lock</string>
			<key>outputPaths</key>
			<array/>
			<key>runOnlyForDeploymentPostprocessing</key>
			<string>0</string>
			<key>shellPath</key>
			<string>/bin/sh</string>
			<key>shellScript</key>
			<string>diff "${PODS_ROOT}/../Podfile.lock" "${PODS_ROOT}/Manifest.lock" &gt; /dev/null
if [[ $? != 0 ]] ; then
    cat &lt;&lt; EOM
error: The sandbox is not in sync with the Podfile.lock. Run 'pod install' or update your CocoaPods installation.
EOM
    exit 1
fi
</string>
			<key>showEnvVarsInLog</key>
			<string>0</string>
		</dict>
		<key>BF170DB012928DE900B8313A</key>
		<dict>
			<key>isa</key>
			<string>PBXFileReference</string>
			<key>lastKnownFileType</key>
			<string>wrapper.framework</string>
			<key>name</key>
			<string>OpenGLES.framework</string>
			<key>path</key>
			<string>System/Library/Frameworks/OpenGLES.framework</string>
			<key>sourceTree</key>
			<string>SDKROOT</string>
		</dict>
		<key>BF170DB412928DE900B8313A</key>
		<dict>
			<key>isa</key>
			<string>PBXFileReference</string>
			<key>lastKnownFileType</key>
			<string>compiled.mach-o.dylib</string>
			<key>name</key>
			<string>libz.dylib</string>
			<key>path</key>
			<string>usr/lib/libz.dylib</string>
			<key>sourceTree</key>
			<string>SDKROOT</string>
		</dict>
		<key>BF171245129291EC00B8313A</key>
		<dict>
			<key>fileRef</key>
			<string>BF170DB012928DE900B8313A</string>
			<key>isa</key>
			<string>PBXBuildFile</string>
		</dict>
		<key>BF1712471292920000B8313A</key>
		<dict>
			<key>fileRef</key>
			<string>BF170DB412928DE900B8313A</string>
			<key>isa</key>
			<string>PBXBuildFile</string>
		</dict>
		<key>BF1C47EA1293683800B63C5D</key>
		<dict>
			<key>isa</key>
			<string>PBXFileReference</string>
			<key>lastKnownFileType</key>
			<string>wrapper.framework</string>
			<key>name</key>
			<string>QuartzCore.framework</string>
			<key>path</key>
			<string>System/Library/Frameworks/QuartzCore.framework</string>
			<key>sourceTree</key>
			<string>SDKROOT</string>
		</dict>
		<key>BF1C47F01293687400B63C5D</key>
		<dict>
			<key>fileRef</key>
			<string>BF1C47EA1293683800B63C5D</string>
			<key>isa</key>
			<string>PBXBuildFile</string>
		</dict>
		<key>C01FCF4E08A954540054247B</key>
		<dict>
			<key>buildConfigurations</key>
			<array>
				<string>C01FCF4F08A954540054247B</string>
				<string>C01FCF5008A954540054247B</string>
			</array>
			<key>defaultConfigurationIsVisible</key>
			<string>0</string>
			<key>defaultConfigurationName</key>
			<string>Debug</string>
			<key>isa</key>
			<string>XCConfigurationList</string>
		</dict>
		<key>C01FCF4F08A954540054247B</key>
		<dict>
			<key>buildSettings</key>
			<dict>
				<key>CLANG_CXX_LANGUAGE_STANDARD</key>
				<string>c++0x</string>
				<key>CLANG_CXX_LIBRARY</key>
				<string>libc++</string>
				<key>COPY_PHASE_STRIP</key>
				<string>NO</string>
				<key>GCC_OPTIMIZATION_LEVEL</key>
				<string>0</string>
				<key>GCC_WARN_ABOUT_RETURN_TYPE</key>
				<string>YES</string>
				<key>GCC_WARN_UNUSED_VARIABLE</key>
				<string>YES</string>
				<key>HEADER_SEARCH_PATHS</key>
				<array>
					<string>$(SRCROOT)/../cocos2d</string>
					<string>$(SRCROOT)/../cocos2d/cocos</string>
					<string>$(SRCROOT)/../cocos2d/cocos/base</string>
					<string>$(SRCROOT)/../cocos2d/cocos/physics</string>
					<string>$(SRCROOT)/../cocos2d/cocos/math/kazmath/include</string>
					<string>$(SRCROOT)/../cocos2d/cocos/2d</string>
					<string>$(SRCROOT)/../cocos2d/cocos/gui</string>
					<string>$(SRCROOT)/../cocos2d/cocos/network</string>
					<string>$(SRCROOT)/../cocos2d/cocos/audio/include</string>
					<string>$(SRCROOT)/../cocos2d/cocos/editor-support</string>
					<string>$(SRCROOT)/../cocos2d/extensions</string>
					<string>$(SRCROOT)/../cocos2d/external</string>
					<string>$(SRCROOT)/../cocos2d/external/chipmunk/include/chipmunk</string>
				</array>
				<key>ONLY_ACTIVE_ARCH</key>
				<string>YES</string>
				<key>PRODUCT_NAME</key>
				<string>$(TARGET_NAME)</string>
				<key>SDKROOT</key>
				<string>macosx</string>
			</dict>
			<key>isa</key>
			<string>XCBuildConfiguration</string>
			<key>name</key>
			<string>Debug</string>
		</dict>
		<key>C01FCF5008A954540054247B</key>
		<dict>
			<key>buildSettings</key>
			<dict>
				<key>CLANG_CXX_LANGUAGE_STANDARD</key>
				<string>c++0x</string>
				<key>CLANG_CXX_LIBRARY</key>
				<string>libc++</string>
				<key>GCC_WARN_ABOUT_RETURN_TYPE</key>
				<string>YES</string>
				<key>GCC_WARN_UNUSED_VARIABLE</key>
				<string>YES</string>
				<key>HEADER_SEARCH_PATHS</key>
				<array>
					<string>$(SRCROOT)/../cocos2d</string>
					<string>$(SRCROOT)/../cocos2d/cocos</string>
					<string>$(SRCROOT)/../cocos2d/cocos/base</string>
					<string>$(SRCROOT)/../cocos2d/cocos/physics</string>
					<string>$(SRCROOT)/../cocos2d/cocos/math/kazmath/include</string>
					<string>$(SRCROOT)/../cocos2d/cocos/2d</string>
					<string>$(SRCROOT)/../cocos2d/cocos/gui</string>
					<string>$(SRCROOT)/../cocos2d/cocos/network</string>
					<string>$(SRCROOT)/../cocos2d/cocos/audio/include</string>
					<string>$(SRCROOT)/../cocos2d/cocos/editor-support</string>
					<string>$(SRCROOT)/../cocos2d/extensions</string>
					<string>$(SRCROOT)/../cocos2d/external</string>
					<string>$(SRCROOT)/../cocos2d/external/chipmunk/include/chipmunk</string>
				</array>
				<key>OTHER_CFLAGS</key>
				<string>-DNS_BLOCK_ASSERTIONS=1</string>
				<key>PRODUCT_NAME</key>
				<string>$(TARGET_NAME)</string>
				<key>SDKROOT</key>
				<string>macosx</string>
				<key>VALIDATE_PRODUCT</key>
				<string>YES</string>
			</dict>
			<key>isa</key>
			<string>XCBuildConfiguration</string>
			<key>name</key>
			<string>Release</string>
		</dict>
		<key>C4DCD08B0BD4458AB9549B19</key>
		<dict>
			<key>explicitFileType</key>
			<string>archive.ar</string>
			<key>includeInIndex</key>
			<string>0</string>
			<key>isa</key>
			<string>PBXFileReference</string>
			<key>path</key>
			<string>libPods.a</string>
			<key>sourceTree</key>
			<string>BUILT_PRODUCTS_DIR</string>
		</dict>
		<key>CA1535D548B64E1C9BA738C0</key>
		<dict>
			<key>fileRef</key>
			<string>C4DCD08B0BD4458AB9549B19</string>
			<key>isa</key>
			<string>PBXBuildFile</string>
		</dict>
		<key>D44C620B132DFF330009C878</key>
		<dict>
			<key>isa</key>
			<string>PBXFileReference</string>
			<key>lastKnownFileType</key>
			<string>wrapper.framework</string>
			<key>name</key>
			<string>OpenAL.framework</string>
			<key>path</key>
			<string>System/Library/Frameworks/OpenAL.framework</string>
			<key>sourceTree</key>
			<string>SDKROOT</string>
		</dict>
		<key>D44C620C132DFF330009C878</key>
		<dict>
			<key>fileRef</key>
			<string>D44C620B132DFF330009C878</string>
			<key>isa</key>
			<string>PBXBuildFile</string>
		</dict>
		<key>D44C620D132DFF430009C878</key>
		<dict>
			<key>isa</key>
			<string>PBXFileReference</string>
			<key>lastKnownFileType</key>
			<string>wrapper.framework</string>
			<key>name</key>
			<string>AVFoundation.framework</string>
			<key>path</key>
			<string>System/Library/Frameworks/AVFoundation.framework</string>
			<key>sourceTree</key>
			<string>SDKROOT</string>
		</dict>
		<key>D44C620E132DFF430009C878</key>
		<dict>
			<key>fileRef</key>
			<string>D44C620D132DFF430009C878</string>
			<key>isa</key>
			<string>PBXBuildFile</string>
		</dict>
		<key>D44C620F132DFF4E0009C878</key>
		<dict>
			<key>isa</key>
			<string>PBXFileReference</string>
			<key>lastKnownFileType</key>
			<string>wrapper.framework</string>
			<key>name</key>
			<string>AudioToolbox.framework</string>
			<key>path</key>
			<string>System/Library/Frameworks/AudioToolbox.framework</string>
			<key>sourceTree</key>
			<string>SDKROOT</string>
		</dict>
		<key>D44C6210132DFF4E0009C878</key>
		<dict>
			<key>fileRef</key>
			<string>D44C620F132DFF4E0009C878</string>
			<key>isa</key>
			<string>PBXBuildFile</string>
		</dict>
		<key>D6B0611A1803AB670077942B</key>
		<dict>
			<key>isa</key>
			<string>PBXFileReference</string>
			<key>lastKnownFileType</key>
			<string>wrapper.framework</string>
			<key>name</key>
			<string>CoreMotion.framework</string>
			<key>path</key>
			<string>Platforms/iPhoneOS.platform/Developer/SDKs/iPhoneOS7.0.sdk/System/Library/Frameworks/CoreMotion.framework</string>
			<key>sourceTree</key>
			<string>DEVELOPER_DIR</string>
		</dict>
		<key>D6B0611B1803AB670077942B</key>
		<dict>
			<key>fileRef</key>
			<string>D6B0611A1803AB670077942B</string>
			<key>isa</key>
			<string>PBXBuildFile</string>
		</dict>
	</dict>
	<key>rootObject</key>
	<string>29B97313FDCFA39411CA2CEA</string>
</dict>
</plist>
